// !$*UTF8*$!
{
	archiveVersion = 1;
	classes = {
	};
	objectVersion = 56;
	objects = {

/* Begin PBXBuildFile section */
		FA2298052B56F87600991D16 /* CityViewBuilder.swift in Sources */ = {isa = PBXBuildFile; fileRef = FA2298042B56F87600991D16 /* CityViewBuilder.swift */; };
		FA7FDD5B2B0CC0A400D74F0C /* SnapKit in Frameworks */ = {isa = PBXBuildFile; productRef = FA7FDD5A2B0CC0A400D74F0C /* SnapKit */; };
		FA7FDD5D2B0CC0A400D74F0C /* SnapKit-Dynamic in Frameworks */ = {isa = PBXBuildFile; productRef = FA7FDD5C2B0CC0A400D74F0C /* SnapKit-Dynamic */; };
		FA7FDD602B0CC0B100D74F0C /* Alamofire in Frameworks */ = {isa = PBXBuildFile; productRef = FA7FDD5F2B0CC0B100D74F0C /* Alamofire */; };
		FAB694D52AC1E0ED00F1660B /* AppDelegate.swift in Sources */ = {isa = PBXBuildFile; fileRef = FAB694D42AC1E0ED00F1660B /* AppDelegate.swift */; };
		FAB694D72AC1E0ED00F1660B /* SceneDelegate.swift in Sources */ = {isa = PBXBuildFile; fileRef = FAB694D62AC1E0ED00F1660B /* SceneDelegate.swift */; };
		FAB694D92AC1E0ED00F1660B /* MainViewController.swift in Sources */ = {isa = PBXBuildFile; fileRef = FAB694D82AC1E0ED00F1660B /* MainViewController.swift */; };
		FAB694DE2AC1E0EF00F1660B /* Assets.xcassets in Resources */ = {isa = PBXBuildFile; fileRef = FAB694DD2AC1E0EF00F1660B /* Assets.xcassets */; };
		FAB694E12AC1E0EF00F1660B /* LaunchScreen.storyboard in Resources */ = {isa = PBXBuildFile; fileRef = FAB694DF2AC1E0EF00F1660B /* LaunchScreen.storyboard */; };
		FAE1BE1D2ACACBF100140BB0 /* Constants.swift in Sources */ = {isa = PBXBuildFile; fileRef = FAE1BE1C2ACACBF100140BB0 /* Constants.swift */; };
		FAE1BE1F2ACACC3400140BB0 /* StationData.swift in Sources */ = {isa = PBXBuildFile; fileRef = FAE1BE1E2ACACC3400140BB0 /* StationData.swift */; };
		FAE1BE212ACACD8A00140BB0 /* StationManager.swift in Sources */ = {isa = PBXBuildFile; fileRef = FAE1BE202ACACD8A00140BB0 /* StationManager.swift */; };
		FAE1BE252ACAD31100140BB0 /* Stations.json in Resources */ = {isa = PBXBuildFile; fileRef = FAE1BE242ACAD31100140BB0 /* Stations.json */; };
		FAF1D4A22B504E16009DA6C7 /* Roboto-Light.ttf in Resources */ = {isa = PBXBuildFile; fileRef = FAF1D4962B504E15009DA6C7 /* Roboto-Light.ttf */; };
		FAF1D4A32B504E16009DA6C7 /* Roboto-Black.ttf in Resources */ = {isa = PBXBuildFile; fileRef = FAF1D4972B504E15009DA6C7 /* Roboto-Black.ttf */; };
		FAF1D4A42B504E16009DA6C7 /* Roboto-BlackItalic.ttf in Resources */ = {isa = PBXBuildFile; fileRef = FAF1D4982B504E15009DA6C7 /* Roboto-BlackItalic.ttf */; };
		FAF1D4A52B504E16009DA6C7 /* Roboto-MediumItalic.ttf in Resources */ = {isa = PBXBuildFile; fileRef = FAF1D4992B504E16009DA6C7 /* Roboto-MediumItalic.ttf */; };
		FAF1D4A62B504E16009DA6C7 /* Roboto-Thin.ttf in Resources */ = {isa = PBXBuildFile; fileRef = FAF1D49A2B504E16009DA6C7 /* Roboto-Thin.ttf */; };
		FAF1D4A72B504E16009DA6C7 /* Roboto-LightItalic.ttf in Resources */ = {isa = PBXBuildFile; fileRef = FAF1D49B2B504E16009DA6C7 /* Roboto-LightItalic.ttf */; };
		FAF1D4A82B504E16009DA6C7 /* Roboto-BoldItalic.ttf in Resources */ = {isa = PBXBuildFile; fileRef = FAF1D49C2B504E16009DA6C7 /* Roboto-BoldItalic.ttf */; };
		FAF1D4A92B504E16009DA6C7 /* Roboto-Medium.ttf in Resources */ = {isa = PBXBuildFile; fileRef = FAF1D49D2B504E16009DA6C7 /* Roboto-Medium.ttf */; };
		FAF1D4AA2B504E16009DA6C7 /* Roboto-Italic.ttf in Resources */ = {isa = PBXBuildFile; fileRef = FAF1D49E2B504E16009DA6C7 /* Roboto-Italic.ttf */; };
		FAF1D4AB2B504E16009DA6C7 /* Roboto-Bold.ttf in Resources */ = {isa = PBXBuildFile; fileRef = FAF1D49F2B504E16009DA6C7 /* Roboto-Bold.ttf */; };
		FAF1D4AC2B504E16009DA6C7 /* Roboto-Regular.ttf in Resources */ = {isa = PBXBuildFile; fileRef = FAF1D4A02B504E16009DA6C7 /* Roboto-Regular.ttf */; };
		FAF1D4AD2B504E16009DA6C7 /* Roboto-ThinItalic.ttf in Resources */ = {isa = PBXBuildFile; fileRef = FAF1D4A12B504E16009DA6C7 /* Roboto-ThinItalic.ttf */; };
		FAF54DCA2B15251D00C77445 /* YourCityInfo.swift in Sources */ = {isa = PBXBuildFile; fileRef = FAF54DC92B15251D00C77445 /* YourCityInfo.swift */; };
/* End PBXBuildFile section */

/* Begin PBXFileReference section */
		FA2298042B56F87600991D16 /* CityViewBuilder.swift */ = {isa = PBXFileReference; lastKnownFileType = sourcecode.swift; path = CityViewBuilder.swift; sourceTree = "<group>"; };
		FAB694D12AC1E0ED00F1660B /* MetroApp.app */ = {isa = PBXFileReference; explicitFileType = wrapper.application; includeInIndex = 0; path = MetroApp.app; sourceTree = BUILT_PRODUCTS_DIR; };
		FAB694D42AC1E0ED00F1660B /* AppDelegate.swift */ = {isa = PBXFileReference; lastKnownFileType = sourcecode.swift; path = AppDelegate.swift; sourceTree = "<group>"; };
		FAB694D62AC1E0ED00F1660B /* SceneDelegate.swift */ = {isa = PBXFileReference; lastKnownFileType = sourcecode.swift; path = SceneDelegate.swift; sourceTree = "<group>"; };
		FAB694D82AC1E0ED00F1660B /* MainViewController.swift */ = {isa = PBXFileReference; lastKnownFileType = sourcecode.swift; path = MainViewController.swift; sourceTree = "<group>"; };
		FAB694DD2AC1E0EF00F1660B /* Assets.xcassets */ = {isa = PBXFileReference; lastKnownFileType = folder.assetcatalog; path = Assets.xcassets; sourceTree = "<group>"; };
		FAB694E02AC1E0EF00F1660B /* Base */ = {isa = PBXFileReference; lastKnownFileType = file.storyboard; name = Base; path = Base.lproj/LaunchScreen.storyboard; sourceTree = "<group>"; };
		FAB694E22AC1E0EF00F1660B /* Info.plist */ = {isa = PBXFileReference; lastKnownFileType = text.plist.xml; path = Info.plist; sourceTree = "<group>"; };
		FAE1BE1C2ACACBF100140BB0 /* Constants.swift */ = {isa = PBXFileReference; lastKnownFileType = sourcecode.swift; path = Constants.swift; sourceTree = "<group>"; };
		FAE1BE1E2ACACC3400140BB0 /* StationData.swift */ = {isa = PBXFileReference; lastKnownFileType = sourcecode.swift; path = StationData.swift; sourceTree = "<group>"; };
		FAE1BE202ACACD8A00140BB0 /* StationManager.swift */ = {isa = PBXFileReference; lastKnownFileType = sourcecode.swift; path = StationManager.swift; sourceTree = "<group>"; };
		FAE1BE242ACAD31100140BB0 /* Stations.json */ = {isa = PBXFileReference; lastKnownFileType = text.json; path = Stations.json; sourceTree = "<group>"; };
		FAF1D4962B504E15009DA6C7 /* Roboto-Light.ttf */ = {isa = PBXFileReference; lastKnownFileType = file; path = "Roboto-Light.ttf"; sourceTree = "<group>"; };
		FAF1D4972B504E15009DA6C7 /* Roboto-Black.ttf */ = {isa = PBXFileReference; lastKnownFileType = file; path = "Roboto-Black.ttf"; sourceTree = "<group>"; };
		FAF1D4982B504E15009DA6C7 /* Roboto-BlackItalic.ttf */ = {isa = PBXFileReference; lastKnownFileType = file; path = "Roboto-BlackItalic.ttf"; sourceTree = "<group>"; };
		FAF1D4992B504E16009DA6C7 /* Roboto-MediumItalic.ttf */ = {isa = PBXFileReference; lastKnownFileType = file; path = "Roboto-MediumItalic.ttf"; sourceTree = "<group>"; };
		FAF1D49A2B504E16009DA6C7 /* Roboto-Thin.ttf */ = {isa = PBXFileReference; lastKnownFileType = file; path = "Roboto-Thin.ttf"; sourceTree = "<group>"; };
		FAF1D49B2B504E16009DA6C7 /* Roboto-LightItalic.ttf */ = {isa = PBXFileReference; lastKnownFileType = file; path = "Roboto-LightItalic.ttf"; sourceTree = "<group>"; };
		FAF1D49C2B504E16009DA6C7 /* Roboto-BoldItalic.ttf */ = {isa = PBXFileReference; lastKnownFileType = file; path = "Roboto-BoldItalic.ttf"; sourceTree = "<group>"; };
		FAF1D49D2B504E16009DA6C7 /* Roboto-Medium.ttf */ = {isa = PBXFileReference; lastKnownFileType = file; path = "Roboto-Medium.ttf"; sourceTree = "<group>"; };
		FAF1D49E2B504E16009DA6C7 /* Roboto-Italic.ttf */ = {isa = PBXFileReference; lastKnownFileType = file; path = "Roboto-Italic.ttf"; sourceTree = "<group>"; };
		FAF1D49F2B504E16009DA6C7 /* Roboto-Bold.ttf */ = {isa = PBXFileReference; lastKnownFileType = file; path = "Roboto-Bold.ttf"; sourceTree = "<group>"; };
		FAF1D4A02B504E16009DA6C7 /* Roboto-Regular.ttf */ = {isa = PBXFileReference; lastKnownFileType = file; path = "Roboto-Regular.ttf"; sourceTree = "<group>"; };
		FAF1D4A12B504E16009DA6C7 /* Roboto-ThinItalic.ttf */ = {isa = PBXFileReference; lastKnownFileType = file; path = "Roboto-ThinItalic.ttf"; sourceTree = "<group>"; };
		FAF54DC92B15251D00C77445 /* YourCityInfo.swift */ = {isa = PBXFileReference; lastKnownFileType = sourcecode.swift; path = YourCityInfo.swift; sourceTree = "<group>"; };
/* End PBXFileReference section */

/* Begin PBXFrameworksBuildPhase section */
		FAB694CE2AC1E0ED00F1660B /* Frameworks */ = {
			isa = PBXFrameworksBuildPhase;
			buildActionMask = 2147483647;
			files = (
				FA7FDD602B0CC0B100D74F0C /* Alamofire in Frameworks */,
				FA7FDD5B2B0CC0A400D74F0C /* SnapKit in Frameworks */,
				FA7FDD5D2B0CC0A400D74F0C /* SnapKit-Dynamic in Frameworks */,
			);
			runOnlyForDeploymentPostprocessing = 0;
		};
/* End PBXFrameworksBuildPhase section */

/* Begin PBXGroup section */
		FA1A70E12B544579001F42F8 /* Utilities */ = {
			isa = PBXGroup;
			children = (
				FA1A70E22B544598001F42F8 /* UI+Extentions */,
			);
			path = Utilities;
			sourceTree = "<group>";
		};
		FA1A70E22B544598001F42F8 /* UI+Extentions */ = {
			isa = PBXGroup;
			children = (
			);
			path = "UI+Extentions";
			sourceTree = "<group>";
		};
		FA2298012B56F61900991D16 /* Builders */ = {
			isa = PBXGroup;
			children = (
				FA2298042B56F87600991D16 /* CityViewBuilder.swift */,
			);
			path = Builders;
			sourceTree = "<group>";
		};
		FAB694C82AC1E0ED00F1660B = {
			isa = PBXGroup;
			children = (
				FAB694D32AC1E0ED00F1660B /* MetroApp */,
				FAB694D22AC1E0ED00F1660B /* Products */,
			);
			sourceTree = "<group>";
		};
		FAB694D22AC1E0ED00F1660B /* Products */ = {
			isa = PBXGroup;
			children = (
				FAB694D12AC1E0ED00F1660B /* MetroApp.app */,
			);
			name = Products;
			sourceTree = "<group>";
		};
		FAB694D32AC1E0ED00F1660B /* MetroApp */ = {
			isa = PBXGroup;
			children = (
				FAE1BE172ACACB1200140BB0 /* Screens */,
				FAE1BE1B2ACACBDD00140BB0 /* Model */,
				FAE1BE192ACACB6600140BB0 /* Application */,
				FAE1BE222ACAD2E100140BB0 /* API */,
				FAE1BE1A2ACACB7A00140BB0 /* Resources */,
				FA1A70E12B544579001F42F8 /* Utilities */,
			);
			path = MetroApp;
			sourceTree = "<group>";
		};
		FAE1BE172ACACB1200140BB0 /* Screens */ = {
			isa = PBXGroup;
			children = (
				FAF54DC62B15114200C77445 /* YourCityView */,
				FAE1BE182ACACB2300140BB0 /* MainModule */,
			);
			path = Screens;
			sourceTree = "<group>";
		};
		FAE1BE182ACACB2300140BB0 /* MainModule */ = {
			isa = PBXGroup;
			children = (
				FAB694D82AC1E0ED00F1660B /* MainViewController.swift */,
				FA2298012B56F61900991D16 /* Builders */,
			);
			name = MainModule;
			sourceTree = "<group>";
		};
		FAE1BE192ACACB6600140BB0 /* Application */ = {
			isa = PBXGroup;
			children = (
				FAB694D42AC1E0ED00F1660B /* AppDelegate.swift */,
				FAB694D62AC1E0ED00F1660B /* SceneDelegate.swift */,
			);
			path = Application;
			sourceTree = "<group>";
		};
		FAE1BE1A2ACACB7A00140BB0 /* Resources */ = {
			isa = PBXGroup;
			children = (
				FAF1D4AE2B504E21009DA6C7 /* Fonts */,
				FAB694DD2AC1E0EF00F1660B /* Assets.xcassets */,
				FAB694DF2AC1E0EF00F1660B /* LaunchScreen.storyboard */,
				FAB694E22AC1E0EF00F1660B /* Info.plist */,
			);
			path = Resources;
			sourceTree = "<group>";
		};
		FAE1BE1B2ACACBDD00140BB0 /* Model */ = {
			isa = PBXGroup;
			children = (
				FAE1BE1C2ACACBF100140BB0 /* Constants.swift */,
				FAE1BE1E2ACACC3400140BB0 /* StationData.swift */,
				FAE1BE202ACACD8A00140BB0 /* StationManager.swift */,
			);
			path = Model;
			sourceTree = "<group>";
		};
		FAE1BE222ACAD2E100140BB0 /* API */ = {
			isa = PBXGroup;
			children = (
				FAE1BE232ACAD2ED00140BB0 /* MockData */,
			);
			path = API;
			sourceTree = "<group>";
		};
		FAE1BE232ACAD2ED00140BB0 /* MockData */ = {
			isa = PBXGroup;
			children = (
				FAE1BE242ACAD31100140BB0 /* Stations.json */,
			);
			path = MockData;
			sourceTree = "<group>";
		};
		FAF1D4AE2B504E21009DA6C7 /* Fonts */ = {
			isa = PBXGroup;
			children = (
				FAF1D4972B504E15009DA6C7 /* Roboto-Black.ttf */,
				FAF1D4982B504E15009DA6C7 /* Roboto-BlackItalic.ttf */,
				FAF1D49F2B504E16009DA6C7 /* Roboto-Bold.ttf */,
				FAF1D49C2B504E16009DA6C7 /* Roboto-BoldItalic.ttf */,
				FAF1D49E2B504E16009DA6C7 /* Roboto-Italic.ttf */,
				FAF1D4962B504E15009DA6C7 /* Roboto-Light.ttf */,
				FAF1D49B2B504E16009DA6C7 /* Roboto-LightItalic.ttf */,
				FAF1D49D2B504E16009DA6C7 /* Roboto-Medium.ttf */,
				FAF1D4992B504E16009DA6C7 /* Roboto-MediumItalic.ttf */,
				FAF1D4A02B504E16009DA6C7 /* Roboto-Regular.ttf */,
				FAF1D49A2B504E16009DA6C7 /* Roboto-Thin.ttf */,
				FAF1D4A12B504E16009DA6C7 /* Roboto-ThinItalic.ttf */,
			);
			path = Fonts;
			sourceTree = "<group>";
		};
		FAF54DC62B15114200C77445 /* YourCityView */ = {
			isa = PBXGroup;
			children = (
				FAF54DC92B15251D00C77445 /* YourCityInfo.swift */,
			);
			name = YourCityView;
			sourceTree = "<group>";
		};
/* End PBXGroup section */

/* Begin PBXNativeTarget section */
		FAB694D02AC1E0ED00F1660B /* MetroApp */ = {
			isa = PBXNativeTarget;
			buildConfigurationList = FAB694E52AC1E0EF00F1660B /* Build configuration list for PBXNativeTarget "MetroApp" */;
			buildPhases = (
				FA7FDD612B0CC14A00D74F0C /* Swift Lint */,
				FAB694CD2AC1E0ED00F1660B /* Sources */,
				FAB694CE2AC1E0ED00F1660B /* Frameworks */,
				FAB694CF2AC1E0ED00F1660B /* Resources */,
			);
			buildRules = (
			);
			dependencies = (
			);
			name = MetroApp;
			packageProductDependencies = (
				FA7FDD5A2B0CC0A400D74F0C /* SnapKit */,
				FA7FDD5C2B0CC0A400D74F0C /* SnapKit-Dynamic */,
				FA7FDD5F2B0CC0B100D74F0C /* Alamofire */,
			);
			productName = MetroApp;
			productReference = FAB694D12AC1E0ED00F1660B /* MetroApp.app */;
			productType = "com.apple.product-type.application";
		};
/* End PBXNativeTarget section */

/* Begin PBXProject section */
		FAB694C92AC1E0ED00F1660B /* Project object */ = {
			isa = PBXProject;
			attributes = {
				BuildIndependentTargetsInParallel = 1;
				LastSwiftUpdateCheck = 1430;
				LastUpgradeCheck = 1500;
				TargetAttributes = {
					FAB694D02AC1E0ED00F1660B = {
						CreatedOnToolsVersion = 14.3.1;
					};
				};
			};
			buildConfigurationList = FAB694CC2AC1E0ED00F1660B /* Build configuration list for PBXProject "MetroApp" */;
			compatibilityVersion = "Xcode 14.0";
			developmentRegion = en;
			hasScannedForEncodings = 0;
			knownRegions = (
				en,
				Base,
			);
			mainGroup = FAB694C82AC1E0ED00F1660B;
			packageReferences = (
				FA7FDD592B0CC0A400D74F0C /* XCRemoteSwiftPackageReference "SnapKit" */,
				FA7FDD5E2B0CC0B100D74F0C /* XCRemoteSwiftPackageReference "Alamofire" */,
			);
			productRefGroup = FAB694D22AC1E0ED00F1660B /* Products */;
			projectDirPath = "";
			projectRoot = "";
			targets = (
				FAB694D02AC1E0ED00F1660B /* MetroApp */,
			);
		};
/* End PBXProject section */

/* Begin PBXResourcesBuildPhase section */
		FAB694CF2AC1E0ED00F1660B /* Resources */ = {
			isa = PBXResourcesBuildPhase;
			buildActionMask = 2147483647;
			files = (
				FAF1D4AD2B504E16009DA6C7 /* Roboto-ThinItalic.ttf in Resources */,
				FAF1D4A62B504E16009DA6C7 /* Roboto-Thin.ttf in Resources */,
				FAF1D4AB2B504E16009DA6C7 /* Roboto-Bold.ttf in Resources */,
				FAF1D4AA2B504E16009DA6C7 /* Roboto-Italic.ttf in Resources */,
				FAB694E12AC1E0EF00F1660B /* LaunchScreen.storyboard in Resources */,
				FAF1D4A42B504E16009DA6C7 /* Roboto-BlackItalic.ttf in Resources */,
				FAB694DE2AC1E0EF00F1660B /* Assets.xcassets in Resources */,
				FAF1D4A32B504E16009DA6C7 /* Roboto-Black.ttf in Resources */,
				FAF1D4A72B504E16009DA6C7 /* Roboto-LightItalic.ttf in Resources */,
				FAF1D4AC2B504E16009DA6C7 /* Roboto-Regular.ttf in Resources */,
				FAF1D4A52B504E16009DA6C7 /* Roboto-MediumItalic.ttf in Resources */,
				FAF1D4A22B504E16009DA6C7 /* Roboto-Light.ttf in Resources */,
				FAF1D4A92B504E16009DA6C7 /* Roboto-Medium.ttf in Resources */,
				FAF1D4A82B504E16009DA6C7 /* Roboto-BoldItalic.ttf in Resources */,
				FAE1BE252ACAD31100140BB0 /* Stations.json in Resources */,
			);
			runOnlyForDeploymentPostprocessing = 0;
		};
/* End PBXResourcesBuildPhase section */

/* Begin PBXShellScriptBuildPhase section */
		FA7FDD612B0CC14A00D74F0C /* Swift Lint */ = {
			isa = PBXShellScriptBuildPhase;
			alwaysOutOfDate = 1;
			buildActionMask = 2147483647;
			files = (
			);
			inputFileListPaths = (
			);
			inputPaths = (
			);
			name = "Swift Lint";
			outputFileListPaths = (
			);
			outputPaths = (
			);
			runOnlyForDeploymentPostprocessing = 0;
			shellPath = /bin/sh;
			shellScript = "# Adds support for Apple Silicon brew directory\n# export PATH=\"$PATH:/opt/homebrew/bin\"\n\nif [ -z \"$CI\" ]; then\n    if which swiftlint >/dev/null; then\n        swiftlint lint --quiet\n    else\n        echo \"error: 😢 SwiftLint not installed, download from https://github.com/realm/SwiftLint\"\n    fi\nfi\n";
		};
/* End PBXShellScriptBuildPhase section */

/* Begin PBXSourcesBuildPhase section */
		FAB694CD2AC1E0ED00F1660B /* Sources */ = {
			isa = PBXSourcesBuildPhase;
			buildActionMask = 2147483647;
			files = (
				FAB694D92AC1E0ED00F1660B /* MainViewController.swift in Sources */,
				FAF54DCA2B15251D00C77445 /* YourCityInfo.swift in Sources */,
				FA2298052B56F87600991D16 /* CityViewBuilder.swift in Sources */,
				FAB694D52AC1E0ED00F1660B /* AppDelegate.swift in Sources */,
				FAE1BE212ACACD8A00140BB0 /* StationManager.swift in Sources */,
				FAB694D72AC1E0ED00F1660B /* SceneDelegate.swift in Sources */,
				FAE1BE1D2ACACBF100140BB0 /* Constants.swift in Sources */,
				FAE1BE1F2ACACC3400140BB0 /* StationData.swift in Sources */,
			);
			runOnlyForDeploymentPostprocessing = 0;
		};
/* End PBXSourcesBuildPhase section */

/* Begin PBXVariantGroup section */
		FAB694DF2AC1E0EF00F1660B /* LaunchScreen.storyboard */ = {
			isa = PBXVariantGroup;
			children = (
				FAB694E02AC1E0EF00F1660B /* Base */,
			);
			name = LaunchScreen.storyboard;
			sourceTree = "<group>";
		};
/* End PBXVariantGroup section */

/* Begin XCBuildConfiguration section */
		FAB694E32AC1E0EF00F1660B /* Debug */ = {
			isa = XCBuildConfiguration;
			buildSettings = {
				ALWAYS_SEARCH_USER_PATHS = NO;
				CLANG_ANALYZER_NONNULL = YES;
				CLANG_ANALYZER_NUMBER_OBJECT_CONVERSION = YES_AGGRESSIVE;
				CLANG_CXX_LANGUAGE_STANDARD = "gnu++20";
				CLANG_ENABLE_MODULES = YES;
				CLANG_ENABLE_OBJC_ARC = YES;
				CLANG_ENABLE_OBJC_WEAK = YES;
				CLANG_WARN_BLOCK_CAPTURE_AUTORELEASING = YES;
				CLANG_WARN_BOOL_CONVERSION = YES;
				CLANG_WARN_COMMA = YES;
				CLANG_WARN_CONSTANT_CONVERSION = YES;
				CLANG_WARN_DEPRECATED_OBJC_IMPLEMENTATIONS = YES;
				CLANG_WARN_DIRECT_OBJC_ISA_USAGE = YES_ERROR;
				CLANG_WARN_DOCUMENTATION_COMMENTS = YES;
				CLANG_WARN_EMPTY_BODY = YES;
				CLANG_WARN_ENUM_CONVERSION = YES;
				CLANG_WARN_INFINITE_RECURSION = YES;
				CLANG_WARN_INT_CONVERSION = YES;
				CLANG_WARN_NON_LITERAL_NULL_CONVERSION = YES;
				CLANG_WARN_OBJC_IMPLICIT_RETAIN_SELF = YES;
				CLANG_WARN_OBJC_LITERAL_CONVERSION = YES;
				CLANG_WARN_OBJC_ROOT_CLASS = YES_ERROR;
				CLANG_WARN_QUOTED_INCLUDE_IN_FRAMEWORK_HEADER = YES;
				CLANG_WARN_RANGE_LOOP_ANALYSIS = YES;
				CLANG_WARN_STRICT_PROTOTYPES = YES;
				CLANG_WARN_SUSPICIOUS_MOVE = YES;
				CLANG_WARN_UNGUARDED_AVAILABILITY = YES_AGGRESSIVE;
				CLANG_WARN_UNREACHABLE_CODE = YES;
				CLANG_WARN__DUPLICATE_METHOD_MATCH = YES;
				COPY_PHASE_STRIP = NO;
				DEBUG_INFORMATION_FORMAT = dwarf;
				ENABLE_STRICT_OBJC_MSGSEND = YES;
				ENABLE_TESTABILITY = YES;
				ENABLE_USER_SCRIPT_SANDBOXING = YES;
				GCC_C_LANGUAGE_STANDARD = gnu11;
				GCC_DYNAMIC_NO_PIC = NO;
				GCC_NO_COMMON_BLOCKS = YES;
				GCC_OPTIMIZATION_LEVEL = 0;
				GCC_PREPROCESSOR_DEFINITIONS = (
					"DEBUG=1",
					"$(inherited)",
				);
				GCC_WARN_64_TO_32_BIT_CONVERSION = YES;
				GCC_WARN_ABOUT_RETURN_TYPE = YES_ERROR;
				GCC_WARN_UNDECLARED_SELECTOR = YES;
				GCC_WARN_UNINITIALIZED_AUTOS = YES_AGGRESSIVE;
				GCC_WARN_UNUSED_FUNCTION = YES;
				GCC_WARN_UNUSED_VARIABLE = YES;
				IPHONEOS_DEPLOYMENT_TARGET = 16.4;
				MTL_ENABLE_DEBUG_INFO = INCLUDE_SOURCE;
				MTL_FAST_MATH = YES;
				ONLY_ACTIVE_ARCH = YES;
				SDKROOT = iphoneos;
				SWIFT_ACTIVE_COMPILATION_CONDITIONS = DEBUG;
				SWIFT_OPTIMIZATION_LEVEL = "-Onone";
			};
			name = Debug;
		};
		FAB694E42AC1E0EF00F1660B /* Release */ = {
			isa = XCBuildConfiguration;
			buildSettings = {
				ALWAYS_SEARCH_USER_PATHS = NO;
				CLANG_ANALYZER_NONNULL = YES;
				CLANG_ANALYZER_NUMBER_OBJECT_CONVERSION = YES_AGGRESSIVE;
				CLANG_CXX_LANGUAGE_STANDARD = "gnu++20";
				CLANG_ENABLE_MODULES = YES;
				CLANG_ENABLE_OBJC_ARC = YES;
				CLANG_ENABLE_OBJC_WEAK = YES;
				CLANG_WARN_BLOCK_CAPTURE_AUTORELEASING = YES;
				CLANG_WARN_BOOL_CONVERSION = YES;
				CLANG_WARN_COMMA = YES;
				CLANG_WARN_CONSTANT_CONVERSION = YES;
				CLANG_WARN_DEPRECATED_OBJC_IMPLEMENTATIONS = YES;
				CLANG_WARN_DIRECT_OBJC_ISA_USAGE = YES_ERROR;
				CLANG_WARN_DOCUMENTATION_COMMENTS = YES;
				CLANG_WARN_EMPTY_BODY = YES;
				CLANG_WARN_ENUM_CONVERSION = YES;
				CLANG_WARN_INFINITE_RECURSION = YES;
				CLANG_WARN_INT_CONVERSION = YES;
				CLANG_WARN_NON_LITERAL_NULL_CONVERSION = YES;
				CLANG_WARN_OBJC_IMPLICIT_RETAIN_SELF = YES;
				CLANG_WARN_OBJC_LITERAL_CONVERSION = YES;
				CLANG_WARN_OBJC_ROOT_CLASS = YES_ERROR;
				CLANG_WARN_QUOTED_INCLUDE_IN_FRAMEWORK_HEADER = YES;
				CLANG_WARN_RANGE_LOOP_ANALYSIS = YES;
				CLANG_WARN_STRICT_PROTOTYPES = YES;
				CLANG_WARN_SUSPICIOUS_MOVE = YES;
				CLANG_WARN_UNGUARDED_AVAILABILITY = YES_AGGRESSIVE;
				CLANG_WARN_UNREACHABLE_CODE = YES;
				CLANG_WARN__DUPLICATE_METHOD_MATCH = YES;
				COPY_PHASE_STRIP = NO;
				DEBUG_INFORMATION_FORMAT = "dwarf-with-dsym";
				ENABLE_NS_ASSERTIONS = NO;
				ENABLE_STRICT_OBJC_MSGSEND = YES;
				ENABLE_USER_SCRIPT_SANDBOXING = YES;
				GCC_C_LANGUAGE_STANDARD = gnu11;
				GCC_NO_COMMON_BLOCKS = YES;
				GCC_WARN_64_TO_32_BIT_CONVERSION = YES;
				GCC_WARN_ABOUT_RETURN_TYPE = YES_ERROR;
				GCC_WARN_UNDECLARED_SELECTOR = YES;
				GCC_WARN_UNINITIALIZED_AUTOS = YES_AGGRESSIVE;
				GCC_WARN_UNUSED_FUNCTION = YES;
				GCC_WARN_UNUSED_VARIABLE = YES;
				IPHONEOS_DEPLOYMENT_TARGET = 16.4;
				MTL_ENABLE_DEBUG_INFO = NO;
				MTL_FAST_MATH = YES;
				SDKROOT = iphoneos;
				SWIFT_COMPILATION_MODE = wholemodule;
				SWIFT_OPTIMIZATION_LEVEL = "-O";
				VALIDATE_PRODUCT = YES;
			};
			name = Release;
		};
		FAB694E62AC1E0EF00F1660B /* Debug */ = {
			isa = XCBuildConfiguration;
			buildSettings = {
				ASSETCATALOG_COMPILER_APPICON_NAME = AppIcon;
				ASSETCATALOG_COMPILER_GLOBAL_ACCENT_COLOR_NAME = AccentColor;
				CODE_SIGN_STYLE = Automatic;
				CURRENT_PROJECT_VERSION = 1;
				DEVELOPMENT_TEAM = 763C3KNABL;
				ENABLE_USER_SCRIPT_SANDBOXING = NO;
				GENERATE_INFOPLIST_FILE = YES;
				INFOPLIST_FILE = MetroApp/Resources/Info.plist;
				INFOPLIST_KEY_UIApplicationSupportsIndirectInputEvents = YES;
				INFOPLIST_KEY_UILaunchStoryboardName = LaunchScreen;
				INFOPLIST_KEY_UISupportedInterfaceOrientations_iPad = "UIInterfaceOrientationPortrait UIInterfaceOrientationPortraitUpsideDown UIInterfaceOrientationLandscapeLeft UIInterfaceOrientationLandscapeRight";
				INFOPLIST_KEY_UISupportedInterfaceOrientations_iPhone = "UIInterfaceOrientationPortrait UIInterfaceOrientationLandscapeLeft UIInterfaceOrientationLandscapeRight";
				LD_RUNPATH_SEARCH_PATHS = (
					"$(inherited)",
					"@executable_path/Frameworks",
				);
				MARKETING_VERSION = 1.0;
				PRODUCT_BUNDLE_IDENTIFIER = vnavrockij.MetroApp;
				PRODUCT_NAME = "$(TARGET_NAME)";
				SWIFT_EMIT_LOC_STRINGS = YES;
				SWIFT_VERSION = 5.0;
				TARGETED_DEVICE_FAMILY = "1,2";
			};
			name = Debug;
		};
		FAB694E72AC1E0EF00F1660B /* Release */ = {
			isa = XCBuildConfiguration;
			buildSettings = {
				ASSETCATALOG_COMPILER_APPICON_NAME = AppIcon;
				ASSETCATALOG_COMPILER_GLOBAL_ACCENT_COLOR_NAME = AccentColor;
				CODE_SIGN_STYLE = Automatic;
				CURRENT_PROJECT_VERSION = 1;
				DEVELOPMENT_TEAM = 763C3KNABL;
				ENABLE_USER_SCRIPT_SANDBOXING = NO;
				GENERATE_INFOPLIST_FILE = YES;
				INFOPLIST_FILE = MetroApp/Resources/Info.plist;
				INFOPLIST_KEY_UIApplicationSupportsIndirectInputEvents = YES;
				INFOPLIST_KEY_UILaunchStoryboardName = LaunchScreen;
				INFOPLIST_KEY_UISupportedInterfaceOrientations_iPad = "UIInterfaceOrientationPortrait UIInterfaceOrientationPortraitUpsideDown UIInterfaceOrientationLandscapeLeft UIInterfaceOrientationLandscapeRight";
				INFOPLIST_KEY_UISupportedInterfaceOrientations_iPhone = "UIInterfaceOrientationPortrait UIInterfaceOrientationLandscapeLeft UIInterfaceOrientationLandscapeRight";
				LD_RUNPATH_SEARCH_PATHS = (
					"$(inherited)",
					"@executable_path/Frameworks",
				);
				MARKETING_VERSION = 1.0;
				PRODUCT_BUNDLE_IDENTIFIER = vnavrockij.MetroApp;
				PRODUCT_NAME = "$(TARGET_NAME)";
				SWIFT_EMIT_LOC_STRINGS = YES;
				SWIFT_VERSION = 5.0;
				TARGETED_DEVICE_FAMILY = "1,2";
			};
			name = Release;
		};
/* End XCBuildConfiguration section */

/* Begin XCConfigurationList section */
		FAB694CC2AC1E0ED00F1660B /* Build configuration list for PBXProject "MetroApp" */ = {
			isa = XCConfigurationList;
			buildConfigurations = (
				FAB694E32AC1E0EF00F1660B /* Debug */,
				FAB694E42AC1E0EF00F1660B /* Release */,
			);
			defaultConfigurationIsVisible = 0;
			defaultConfigurationName = Release;
		};
		FAB694E52AC1E0EF00F1660B /* Build configuration list for PBXNativeTarget "MetroApp" */ = {
			isa = XCConfigurationList;
			buildConfigurations = (
				FAB694E62AC1E0EF00F1660B /* Debug */,
				FAB694E72AC1E0EF00F1660B /* Release */,
			);
			defaultConfigurationIsVisible = 0;
			defaultConfigurationName = Release;
		};
/* End XCConfigurationList section */

/* Begin XCRemoteSwiftPackageReference section */
		FA7FDD592B0CC0A400D74F0C /* XCRemoteSwiftPackageReference "SnapKit" */ = {
			isa = XCRemoteSwiftPackageReference;
			repositoryURL = "https://github.com/SnapKit/SnapKit";
			requirement = {
				kind = upToNextMajorVersion;
				minimumVersion = 5.6.0;
			};
		};
		FA7FDD5E2B0CC0B100D74F0C /* XCRemoteSwiftPackageReference "Alamofire" */ = {
			isa = XCRemoteSwiftPackageReference;
			repositoryURL = "https://github.com/Alamofire/Alamofire";
			requirement = {
				kind = upToNextMajorVersion;
				minimumVersion = 5.8.1;
			};
		};
/* End XCRemoteSwiftPackageReference section */

/* Begin XCSwiftPackageProductDependency section */
		FA7FDD5A2B0CC0A400D74F0C /* SnapKit */ = {
			isa = XCSwiftPackageProductDependency;
			package = FA7FDD592B0CC0A400D74F0C /* XCRemoteSwiftPackageReference "SnapKit" */;
			productName = SnapKit;
		};
		FA7FDD5C2B0CC0A400D74F0C /* SnapKit-Dynamic */ = {
			isa = XCSwiftPackageProductDependency;
			package = FA7FDD592B0CC0A400D74F0C /* XCRemoteSwiftPackageReference "SnapKit" */;
			productName = "SnapKit-Dynamic";
		};
		FA7FDD5F2B0CC0B100D74F0C /* Alamofire */ = {
			isa = XCSwiftPackageProductDependency;
			package = FA7FDD5E2B0CC0B100D74F0C /* XCRemoteSwiftPackageReference "Alamofire" */;
			productName = Alamofire;
		};
/* End XCSwiftPackageProductDependency section */
	};
	rootObject = FAB694C92AC1E0ED00F1660B /* Project object */;
}
